// !$*UTF8*$!
{
	archiveVersion = 1;
	classes = {
	};
	objectVersion = 46;
	objects = {

/* Begin PBXBuildFile section */
		C63400BB1C3CF9CC008FF185 /* AppDelegate.swift in Sources */ = {isa = PBXBuildFile; fileRef = C63400BA1C3CF9CC008FF185 /* AppDelegate.swift */; };
		C63400BD1C3CF9CC008FF185 /* GameScene.swift in Sources */ = {isa = PBXBuildFile; fileRef = C63400BC1C3CF9CC008FF185 /* GameScene.swift */; };
		C63400BF1C3CF9CC008FF185 /* GameScene.sks in Resources */ = {isa = PBXBuildFile; fileRef = C63400BE1C3CF9CC008FF185 /* GameScene.sks */; };
		C63400C11C3CF9CC008FF185 /* Assets.xcassets in Resources */ = {isa = PBXBuildFile; fileRef = C63400C01C3CF9CC008FF185 /* Assets.xcassets */; };
		C63400C41C3CF9CC008FF185 /* MainMenu.xib in Resources */ = {isa = PBXBuildFile; fileRef = C63400C21C3CF9CC008FF185 /* MainMenu.xib */; };
		C63400CF1C3CF9CC008FF185 /* MarimoGameTests.swift in Sources */ = {isa = PBXBuildFile; fileRef = C63400CE1C3CF9CC008FF185 /* MarimoGameTests.swift */; };
		C63400DA1C3CF9CC008FF185 /* MarimoGameUITests.swift in Sources */ = {isa = PBXBuildFile; fileRef = C63400D91C3CF9CC008FF185 /* MarimoGameUITests.swift */; };
		C63400ED1C3CFABA008FF185 /* Camera.swift in Sources */ = {isa = PBXBuildFile; fileRef = C63400E71C3CFABA008FF185 /* Camera.swift */; };
		C63400EE1C3CFABA008FF185 /* ControlsHandler.swift in Sources */ = {isa = PBXBuildFile; fileRef = C63400E81C3CFABA008FF185 /* ControlsHandler.swift */; };
		C63400EF1C3CFABA008FF185 /* Globals.swift in Sources */ = {isa = PBXBuildFile; fileRef = C63400E91C3CFABA008FF185 /* Globals.swift */; };
		C63400F01C3CFABA008FF185 /* MathUtils.swift in Sources */ = {isa = PBXBuildFile; fileRef = C63400EA1C3CFABA008FF185 /* MathUtils.swift */; };
		C63400F11C3CFABA008FF185 /* Monster.swift in Sources */ = {isa = PBXBuildFile; fileRef = C63400EB1C3CFABA008FF185 /* Monster.swift */; };
		C63400F21C3CFABA008FF185 /* Player.swift in Sources */ = {isa = PBXBuildFile; fileRef = C63400EC1C3CFABA008FF185 /* Player.swift */; };
		C63400F41C3CFB27008FF185 /* marimos.atlas in Resources */ = {isa = PBXBuildFile; fileRef = C63400F31C3CFB27008FF185 /* marimos.atlas */; };
		C63400F61C3D06E8008FF185 /* Pickup.swift in Sources */ = {isa = PBXBuildFile; fileRef = C63400F51C3D06E8008FF185 /* Pickup.swift */; };
		C63400FA1C4229AB008FF185 /* Goldfish.swift in Sources */ = {isa = PBXBuildFile; fileRef = C63400F91C4229AB008FF185 /* Goldfish.swift */; };
		C63400FC1C424851008FF185 /* Ground.swift in Sources */ = {isa = PBXBuildFile; fileRef = C63400FB1C424851008FF185 /* Ground.swift */; };
		C63400FE1C444DBA008FF185 /* Bubble.swift in Sources */ = {isa = PBXBuildFile; fileRef = C63400FD1C444DBA008FF185 /* Bubble.swift */; };
		C672ECFE1C44ECE4007F70DF /* ContactReceiver.swift in Sources */ = {isa = PBXBuildFile; fileRef = C672ECFD1C44ECE4007F70DF /* ContactReceiver.swift */; };
		C672ED001C4634C3007F70DF /* UpdateReceiver.swift in Sources */ = {isa = PBXBuildFile; fileRef = C672ECFF1C4634C3007F70DF /* UpdateReceiver.swift */; };
		C672ED021C475F60007F70DF /* Background.swift in Sources */ = {isa = PBXBuildFile; fileRef = C672ED011C475F60007F70DF /* Background.swift */; };
		F74CA6401C4644AE005717E6 /* Gem.swift in Sources */ = {isa = PBXBuildFile; fileRef = F74CA63F1C4644AE005717E6 /* Gem.swift */; };
/* End PBXBuildFile section */

/* Begin PBXContainerItemProxy section */
		C63400CB1C3CF9CC008FF185 /* PBXContainerItemProxy */ = {
			isa = PBXContainerItemProxy;
			containerPortal = C63400AF1C3CF9CB008FF185 /* Project object */;
			proxyType = 1;
			remoteGlobalIDString = C63400B61C3CF9CB008FF185;
			remoteInfo = MarimoGame;
		};
		C63400D61C3CF9CC008FF185 /* PBXContainerItemProxy */ = {
			isa = PBXContainerItemProxy;
			containerPortal = C63400AF1C3CF9CB008FF185 /* Project object */;
			proxyType = 1;
			remoteGlobalIDString = C63400B61C3CF9CB008FF185;
			remoteInfo = MarimoGame;
		};
/* End PBXContainerItemProxy section */

/* Begin PBXFileReference section */
		C63400B71C3CF9CB008FF185 /* MarimoGame.app */ = {isa = PBXFileReference; explicitFileType = wrapper.application; includeInIndex = 0; path = MarimoGame.app; sourceTree = BUILT_PRODUCTS_DIR; };
		C63400BA1C3CF9CC008FF185 /* AppDelegate.swift */ = {isa = PBXFileReference; lastKnownFileType = sourcecode.swift; path = AppDelegate.swift; sourceTree = "<group>"; };
		C63400BC1C3CF9CC008FF185 /* GameScene.swift */ = {isa = PBXFileReference; lastKnownFileType = sourcecode.swift; path = GameScene.swift; sourceTree = "<group>"; };
		C63400BE1C3CF9CC008FF185 /* GameScene.sks */ = {isa = PBXFileReference; lastKnownFileType = file.sks; path = GameScene.sks; sourceTree = "<group>"; };
		C63400C01C3CF9CC008FF185 /* Assets.xcassets */ = {isa = PBXFileReference; lastKnownFileType = folder.assetcatalog; path = Assets.xcassets; sourceTree = "<group>"; };
		C63400C31C3CF9CC008FF185 /* Base */ = {isa = PBXFileReference; lastKnownFileType = file.xib; name = Base; path = Base.lproj/MainMenu.xib; sourceTree = "<group>"; };
		C63400C51C3CF9CC008FF185 /* Info.plist */ = {isa = PBXFileReference; lastKnownFileType = text.plist.xml; path = Info.plist; sourceTree = "<group>"; };
		C63400CA1C3CF9CC008FF185 /* MarimoGameTests.xctest */ = {isa = PBXFileReference; explicitFileType = wrapper.cfbundle; includeInIndex = 0; path = MarimoGameTests.xctest; sourceTree = BUILT_PRODUCTS_DIR; };
		C63400CE1C3CF9CC008FF185 /* MarimoGameTests.swift */ = {isa = PBXFileReference; lastKnownFileType = sourcecode.swift; path = MarimoGameTests.swift; sourceTree = "<group>"; };
		C63400D01C3CF9CC008FF185 /* Info.plist */ = {isa = PBXFileReference; lastKnownFileType = text.plist.xml; path = Info.plist; sourceTree = "<group>"; };
		C63400D51C3CF9CC008FF185 /* MarimoGameUITests.xctest */ = {isa = PBXFileReference; explicitFileType = wrapper.cfbundle; includeInIndex = 0; path = MarimoGameUITests.xctest; sourceTree = BUILT_PRODUCTS_DIR; };
		C63400D91C3CF9CC008FF185 /* MarimoGameUITests.swift */ = {isa = PBXFileReference; lastKnownFileType = sourcecode.swift; path = MarimoGameUITests.swift; sourceTree = "<group>"; };
		C63400DB1C3CF9CC008FF185 /* Info.plist */ = {isa = PBXFileReference; lastKnownFileType = text.plist.xml; path = Info.plist; sourceTree = "<group>"; };
		C63400E71C3CFABA008FF185 /* Camera.swift */ = {isa = PBXFileReference; fileEncoding = 4; lastKnownFileType = sourcecode.swift; path = Camera.swift; sourceTree = "<group>"; };
		C63400E81C3CFABA008FF185 /* ControlsHandler.swift */ = {isa = PBXFileReference; fileEncoding = 4; lastKnownFileType = sourcecode.swift; path = ControlsHandler.swift; sourceTree = "<group>"; };
		C63400E91C3CFABA008FF185 /* Globals.swift */ = {isa = PBXFileReference; fileEncoding = 4; lastKnownFileType = sourcecode.swift; path = Globals.swift; sourceTree = "<group>"; };
		C63400EA1C3CFABA008FF185 /* MathUtils.swift */ = {isa = PBXFileReference; fileEncoding = 4; lastKnownFileType = sourcecode.swift; path = MathUtils.swift; sourceTree = "<group>"; };
		C63400EB1C3CFABA008FF185 /* Monster.swift */ = {isa = PBXFileReference; fileEncoding = 4; lastKnownFileType = sourcecode.swift; path = Monster.swift; sourceTree = "<group>"; };
		C63400EC1C3CFABA008FF185 /* Player.swift */ = {isa = PBXFileReference; fileEncoding = 4; lastKnownFileType = sourcecode.swift; path = Player.swift; sourceTree = "<group>"; };
		C63400F31C3CFB27008FF185 /* marimos.atlas */ = {isa = PBXFileReference; lastKnownFileType = folder.skatlas; path = marimos.atlas; sourceTree = "<group>"; };
		C63400F51C3D06E8008FF185 /* Pickup.swift */ = {isa = PBXFileReference; fileEncoding = 4; lastKnownFileType = sourcecode.swift; path = Pickup.swift; sourceTree = "<group>"; };
		C63400F91C4229AB008FF185 /* Goldfish.swift */ = {isa = PBXFileReference; fileEncoding = 4; lastKnownFileType = sourcecode.swift; path = Goldfish.swift; sourceTree = "<group>"; };
		C63400FB1C424851008FF185 /* Ground.swift */ = {isa = PBXFileReference; fileEncoding = 4; lastKnownFileType = sourcecode.swift; path = Ground.swift; sourceTree = "<group>"; };
		C63400FD1C444DBA008FF185 /* Bubble.swift */ = {isa = PBXFileReference; fileEncoding = 4; lastKnownFileType = sourcecode.swift; path = Bubble.swift; sourceTree = "<group>"; };
		C672ECFD1C44ECE4007F70DF /* ContactReceiver.swift */ = {isa = PBXFileReference; fileEncoding = 4; lastKnownFileType = sourcecode.swift; path = ContactReceiver.swift; sourceTree = "<group>"; };
		C672ECFF1C4634C3007F70DF /* UpdateReceiver.swift */ = {isa = PBXFileReference; fileEncoding = 4; lastKnownFileType = sourcecode.swift; path = UpdateReceiver.swift; sourceTree = "<group>"; };
		C672ED011C475F60007F70DF /* Background.swift */ = {isa = PBXFileReference; fileEncoding = 4; lastKnownFileType = sourcecode.swift; path = Background.swift; sourceTree = "<group>"; };
		F74CA63F1C4644AE005717E6 /* Gem.swift */ = {isa = PBXFileReference; fileEncoding = 4; lastKnownFileType = sourcecode.swift; path = Gem.swift; sourceTree = "<group>"; };
/* End PBXFileReference section */

/* Begin PBXFrameworksBuildPhase section */
		C63400B41C3CF9CB008FF185 /* Frameworks */ = {
			isa = PBXFrameworksBuildPhase;
			buildActionMask = 2147483647;
			files = (
			);
			runOnlyForDeploymentPostprocessing = 0;
		};
		C63400C71C3CF9CC008FF185 /* Frameworks */ = {
			isa = PBXFrameworksBuildPhase;
			buildActionMask = 2147483647;
			files = (
			);
			runOnlyForDeploymentPostprocessing = 0;
		};
		C63400D21C3CF9CC008FF185 /* Frameworks */ = {
			isa = PBXFrameworksBuildPhase;
			buildActionMask = 2147483647;
			files = (
			);
			runOnlyForDeploymentPostprocessing = 0;
		};
/* End PBXFrameworksBuildPhase section */

/* Begin PBXGroup section */
		C63400AE1C3CF9CB008FF185 = {
			isa = PBXGroup;
			children = (
				C63400B91C3CF9CB008FF185 /* MarimoGame */,
				C63400CD1C3CF9CC008FF185 /* MarimoGameTests */,
				C63400D81C3CF9CC008FF185 /* MarimoGameUITests */,
				C63400B81C3CF9CB008FF185 /* Products */,
			);
			sourceTree = "<group>";
		};
		C63400B81C3CF9CB008FF185 /* Products */ = {
			isa = PBXGroup;
			children = (
				C63400B71C3CF9CB008FF185 /* MarimoGame.app */,
				C63400CA1C3CF9CC008FF185 /* MarimoGameTests.xctest */,
				C63400D51C3CF9CC008FF185 /* MarimoGameUITests.xctest */,
			);
			name = Products;
			sourceTree = "<group>";
		};
		C63400B91C3CF9CB008FF185 /* MarimoGame */ = {
			isa = PBXGroup;
			children = (
				C63400F31C3CFB27008FF185 /* marimos.atlas */,
				C63400E71C3CFABA008FF185 /* Camera.swift */,
				C63400E81C3CFABA008FF185 /* ControlsHandler.swift */,
				C63400E91C3CFABA008FF185 /* Globals.swift */,
				C63400EA1C3CFABA008FF185 /* MathUtils.swift */,
				C63400EB1C3CFABA008FF185 /* Monster.swift */,
				C63400EC1C3CFABA008FF185 /* Player.swift */,
				C63400BA1C3CF9CC008FF185 /* AppDelegate.swift */,
				C63400BC1C3CF9CC008FF185 /* GameScene.swift */,
				C63400BE1C3CF9CC008FF185 /* GameScene.sks */,
				C63400C01C3CF9CC008FF185 /* Assets.xcassets */,
				C63400C21C3CF9CC008FF185 /* MainMenu.xib */,
				C63400C51C3CF9CC008FF185 /* Info.plist */,
				C63400F51C3D06E8008FF185 /* Pickup.swift */,
				C63400F91C4229AB008FF185 /* Goldfish.swift */,
				C63400FB1C424851008FF185 /* Ground.swift */,
				C63400FD1C444DBA008FF185 /* Bubble.swift */,
				F74CA63F1C4644AE005717E6 /* Gem.swift */,
				C672ECFD1C44ECE4007F70DF /* ContactReceiver.swift */,
				C672ECFF1C4634C3007F70DF /* UpdateReceiver.swift */,
				C672ED011C475F60007F70DF /* Background.swift */,
			);
			path = MarimoGame;
			sourceTree = "<group>";
		};
		C63400CD1C3CF9CC008FF185 /* MarimoGameTests */ = {
			isa = PBXGroup;
			children = (
				C63400CE1C3CF9CC008FF185 /* MarimoGameTests.swift */,
				C63400D01C3CF9CC008FF185 /* Info.plist */,
			);
			path = MarimoGameTests;
			sourceTree = "<group>";
		};
		C63400D81C3CF9CC008FF185 /* MarimoGameUITests */ = {
			isa = PBXGroup;
			children = (
				C63400D91C3CF9CC008FF185 /* MarimoGameUITests.swift */,
				C63400DB1C3CF9CC008FF185 /* Info.plist */,
			);
			path = MarimoGameUITests;
			sourceTree = "<group>";
		};
/* End PBXGroup section */

/* Begin PBXNativeTarget section */
		C63400B61C3CF9CB008FF185 /* MarimoGame */ = {
			isa = PBXNativeTarget;
			buildConfigurationList = C63400DE1C3CF9CC008FF185 /* Build configuration list for PBXNativeTarget "MarimoGame" */;
			buildPhases = (
				C63400B31C3CF9CB008FF185 /* Sources */,
				C63400B41C3CF9CB008FF185 /* Frameworks */,
				C63400B51C3CF9CB008FF185 /* Resources */,
			);
			buildRules = (
			);
			dependencies = (
			);
			name = MarimoGame;
			productName = MarimoGame;
			productReference = C63400B71C3CF9CB008FF185 /* MarimoGame.app */;
			productType = "com.apple.product-type.application";
		};
		C63400C91C3CF9CC008FF185 /* MarimoGameTests */ = {
			isa = PBXNativeTarget;
			buildConfigurationList = C63400E11C3CF9CC008FF185 /* Build configuration list for PBXNativeTarget "MarimoGameTests" */;
			buildPhases = (
				C63400C61C3CF9CC008FF185 /* Sources */,
				C63400C71C3CF9CC008FF185 /* Frameworks */,
				C63400C81C3CF9CC008FF185 /* Resources */,
			);
			buildRules = (
			);
			dependencies = (
				C63400CC1C3CF9CC008FF185 /* PBXTargetDependency */,
			);
			name = MarimoGameTests;
			productName = MarimoGameTests;
			productReference = C63400CA1C3CF9CC008FF185 /* MarimoGameTests.xctest */;
			productType = "com.apple.product-type.bundle.unit-test";
		};
		C63400D41C3CF9CC008FF185 /* MarimoGameUITests */ = {
			isa = PBXNativeTarget;
			buildConfigurationList = C63400E41C3CF9CC008FF185 /* Build configuration list for PBXNativeTarget "MarimoGameUITests" */;
			buildPhases = (
				C63400D11C3CF9CC008FF185 /* Sources */,
				C63400D21C3CF9CC008FF185 /* Frameworks */,
				C63400D31C3CF9CC008FF185 /* Resources */,
			);
			buildRules = (
			);
			dependencies = (
				C63400D71C3CF9CC008FF185 /* PBXTargetDependency */,
			);
			name = MarimoGameUITests;
			productName = MarimoGameUITests;
			productReference = C63400D51C3CF9CC008FF185 /* MarimoGameUITests.xctest */;
			productType = "com.apple.product-type.bundle.ui-testing";
		};
/* End PBXNativeTarget section */

/* Begin PBXProject section */
		C63400AF1C3CF9CB008FF185 /* Project object */ = {
			isa = PBXProject;
			attributes = {
				LastSwiftUpdateCheck = 0720;
				LastUpgradeCheck = 0720;
				ORGANIZATIONNAME = timoffex;
				TargetAttributes = {
					C63400B61C3CF9CB008FF185 = {
						CreatedOnToolsVersion = 7.2;
					};
					C63400C91C3CF9CC008FF185 = {
						CreatedOnToolsVersion = 7.2;
						TestTargetID = C63400B61C3CF9CB008FF185;
					};
					C63400D41C3CF9CC008FF185 = {
						CreatedOnToolsVersion = 7.2;
						TestTargetID = C63400B61C3CF9CB008FF185;
					};
				};
			};
			buildConfigurationList = C63400B21C3CF9CB008FF185 /* Build configuration list for PBXProject "MarimoGame" */;
			compatibilityVersion = "Xcode 3.2";
			developmentRegion = English;
			hasScannedForEncodings = 0;
			knownRegions = (
				en,
				Base,
			);
			mainGroup = C63400AE1C3CF9CB008FF185;
			productRefGroup = C63400B81C3CF9CB008FF185 /* Products */;
			projectDirPath = "";
			projectRoot = "";
			targets = (
				C63400B61C3CF9CB008FF185 /* MarimoGame */,
				C63400C91C3CF9CC008FF185 /* MarimoGameTests */,
				C63400D41C3CF9CC008FF185 /* MarimoGameUITests */,
			);
		};
/* End PBXProject section */

/* Begin PBXResourcesBuildPhase section */
		C63400B51C3CF9CB008FF185 /* Resources */ = {
			isa = PBXResourcesBuildPhase;
			buildActionMask = 2147483647;
			files = (
				C63400F41C3CFB27008FF185 /* marimos.atlas in Resources */,
				C63400C11C3CF9CC008FF185 /* Assets.xcassets in Resources */,
				C63400BF1C3CF9CC008FF185 /* GameScene.sks in Resources */,
				C63400C41C3CF9CC008FF185 /* MainMenu.xib in Resources */,
			);
			runOnlyForDeploymentPostprocessing = 0;
		};
		C63400C81C3CF9CC008FF185 /* Resources */ = {
			isa = PBXResourcesBuildPhase;
			buildActionMask = 2147483647;
			files = (
			);
			runOnlyForDeploymentPostprocessing = 0;
		};
		C63400D31C3CF9CC008FF185 /* Resources */ = {
			isa = PBXResourcesBuildPhase;
			buildActionMask = 2147483647;
			files = (
			);
			runOnlyForDeploymentPostprocessing = 0;
		};
/* End PBXResourcesBuildPhase section */

/* Begin PBXSourcesBuildPhase section */
		C63400B31C3CF9CB008FF185 /* Sources */ = {
			isa = PBXSourcesBuildPhase;
			buildActionMask = 2147483647;
			files = (
				C63400BD1C3CF9CC008FF185 /* GameScene.swift in Sources */,
				C63400BB1C3CF9CC008FF185 /* AppDelegate.swift in Sources */,
				C63400FE1C444DBA008FF185 /* Bubble.swift in Sources */,
				C63400EE1C3CFABA008FF185 /* ControlsHandler.swift in Sources */,
				C672ECFE1C44ECE4007F70DF /* ContactReceiver.swift in Sources */,
				C63400F01C3CFABA008FF185 /* MathUtils.swift in Sources */,
				C63400F21C3CFABA008FF185 /* Player.swift in Sources */,
				C63400FC1C424851008FF185 /* Ground.swift in Sources */,
				C63400EF1C3CFABA008FF185 /* Globals.swift in Sources */,
				C63400F61C3D06E8008FF185 /* Pickup.swift in Sources */,
				C63400FA1C4229AB008FF185 /* Goldfish.swift in Sources */,
				C672ED021C475F60007F70DF /* Background.swift in Sources */,
				C63400ED1C3CFABA008FF185 /* Camera.swift in Sources */,
				C63400F11C3CFABA008FF185 /* Monster.swift in Sources */,
				C672ED001C4634C3007F70DF /* UpdateReceiver.swift in Sources */,
				F74CA6401C4644AE005717E6 /* Gem.swift in Sources */,
			);
			runOnlyForDeploymentPostprocessing = 0;
		};
		C63400C61C3CF9CC008FF185 /* Sources */ = {
			isa = PBXSourcesBuildPhase;
			buildActionMask = 2147483647;
			files = (
				C63400CF1C3CF9CC008FF185 /* MarimoGameTests.swift in Sources */,
			);
			runOnlyForDeploymentPostprocessing = 0;
		};
		C63400D11C3CF9CC008FF185 /* Sources */ = {
			isa = PBXSourcesBuildPhase;
			buildActionMask = 2147483647;
			files = (
				C63400DA1C3CF9CC008FF185 /* MarimoGameUITests.swift in Sources */,
			);
			runOnlyForDeploymentPostprocessing = 0;
		};
/* End PBXSourcesBuildPhase section */

/* Begin PBXTargetDependency section */
		C63400CC1C3CF9CC008FF185 /* PBXTargetDependency */ = {
			isa = PBXTargetDependency;
			target = C63400B61C3CF9CB008FF185 /* MarimoGame */;
			targetProxy = C63400CB1C3CF9CC008FF185 /* PBXContainerItemProxy */;
		};
		C63400D71C3CF9CC008FF185 /* PBXTargetDependency */ = {
			isa = PBXTargetDependency;
			target = C63400B61C3CF9CB008FF185 /* MarimoGame */;
			targetProxy = C63400D61C3CF9CC008FF185 /* PBXContainerItemProxy */;
		};
/* End PBXTargetDependency section */

/* Begin PBXVariantGroup section */
		C63400C21C3CF9CC008FF185 /* MainMenu.xib */ = {
			isa = PBXVariantGroup;
			children = (
				C63400C31C3CF9CC008FF185 /* Base */,
			);
			name = MainMenu.xib;
			sourceTree = "<group>";
		};
/* End PBXVariantGroup section */

/* Begin XCBuildConfiguration section */
		C63400DC1C3CF9CC008FF185 /* Debug */ = {
			isa = XCBuildConfiguration;
			buildSettings = {
				ALWAYS_SEARCH_USER_PATHS = NO;
				CLANG_CXX_LANGUAGE_STANDARD = "gnu++0x";
				CLANG_CXX_LIBRARY = "libc++";
				CLANG_ENABLE_MODULES = YES;
				CLANG_ENABLE_OBJC_ARC = YES;
				CLANG_WARN_BOOL_CONVERSION = YES;
				CLANG_WARN_CONSTANT_CONVERSION = YES;
				CLANG_WARN_DIRECT_OBJC_ISA_USAGE = YES_ERROR;
				CLANG_WARN_EMPTY_BODY = YES;
				CLANG_WARN_ENUM_CONVERSION = YES;
				CLANG_WARN_INT_CONVERSION = YES;
				CLANG_WARN_OBJC_ROOT_CLASS = YES_ERROR;
				CLANG_WARN_UNREACHABLE_CODE = YES;
				CLANG_WARN__DUPLICATE_METHOD_MATCH = YES;
				CODE_SIGN_IDENTITY = "-";
				COPY_PHASE_STRIP = NO;
				DEBUG_INFORMATION_FORMAT = "dwarf-with-dsym";
				ENABLE_STRICT_OBJC_MSGSEND = YES;
				ENABLE_TESTABILITY = YES;
				GCC_C_LANGUAGE_STANDARD = gnu99;
				GCC_DYNAMIC_NO_PIC = NO;
				GCC_NO_COMMON_BLOCKS = YES;
				GCC_OPTIMIZATION_LEVEL = 0;
				GCC_PREPROCESSOR_DEFINITIONS = (
					"DEBUG=1",
					"$(inherited)",
				);
				GCC_WARN_64_TO_32_BIT_CONVERSION = YES;
				GCC_WARN_ABOUT_RETURN_TYPE = YES_ERROR;
				GCC_WARN_UNDECLARED_SELECTOR = YES;
				GCC_WARN_UNINITIALIZED_AUTOS = YES_AGGRESSIVE;
				GCC_WARN_UNUSED_FUNCTION = YES;
				GCC_WARN_UNUSED_VARIABLE = YES;
				MACOSX_DEPLOYMENT_TARGET = 10.10;
				MTL_ENABLE_DEBUG_INFO = YES;
				ONLY_ACTIVE_ARCH = YES;
				SDKROOT = macosx;
				SWIFT_OPTIMIZATION_LEVEL = "-Onone";
			};
			name = Debug;
		};
		C63400DD1C3CF9CC008FF185 /* Release */ = {
			isa = XCBuildConfiguration;
			buildSettings = {
				ALWAYS_SEARCH_USER_PATHS = NO;
				CLANG_CXX_LANGUAGE_STANDARD = "gnu++0x";
				CLANG_CXX_LIBRARY = "libc++";
				CLANG_ENABLE_MODULES = YES;
				CLANG_ENABLE_OBJC_ARC = YES;
				CLANG_WARN_BOOL_CONVERSION = YES;
				CLANG_WARN_CONSTANT_CONVERSION = YES;
				CLANG_WARN_DIRECT_OBJC_ISA_USAGE = YES_ERROR;
				CLANG_WARN_EMPTY_BODY = YES;
				CLANG_WARN_ENUM_CONVERSION = YES;
				CLANG_WARN_INT_CONVERSION = YES;
				CLANG_WARN_OBJC_ROOT_CLASS = YES_ERROR;
				CLANG_WARN_UNREACHABLE_CODE = YES;
				CLANG_WARN__DUPLICATE_METHOD_MATCH = YES;
				CODE_SIGN_IDENTITY = "-";
				COPY_PHASE_STRIP = NO;
				DEBUG_INFORMATION_FORMAT = "dwarf-with-dsym";
				ENABLE_NS_ASSERTIONS = NO;
				ENABLE_STRICT_OBJC_MSGSEND = YES;
				GCC_C_LANGUAGE_STANDARD = gnu99;
				GCC_NO_COMMON_BLOCKS = YES;
				GCC_WARN_64_TO_32_BIT_CONVERSION = YES;
				GCC_WARN_ABOUT_RETURN_TYPE = YES_ERROR;
				GCC_WARN_UNDECLARED_SELECTOR = YES;
				GCC_WARN_UNINITIALIZED_AUTOS = YES_AGGRESSIVE;
				GCC_WARN_UNUSED_FUNCTION = YES;
				GCC_WARN_UNUSED_VARIABLE = YES;
				MACOSX_DEPLOYMENT_TARGET = 10.10;
				MTL_ENABLE_DEBUG_INFO = NO;
				SDKROOT = macosx;
			};
			name = Release;
		};
		C63400DF1C3CF9CC008FF185 /* Debug */ = {
			isa = XCBuildConfiguration;
			buildSettings = {
				ASSETCATALOG_COMPILER_APPICON_NAME = AppIcon;
				COMBINE_HIDPI_IMAGES = YES;
				INFOPLIST_FILE = MarimoGame/Info.plist;
				LD_RUNPATH_SEARCH_PATHS = "$(inherited) @executable_path/../Frameworks";
				PRODUCT_BUNDLE_IDENTIFIER = timoffex.MarimoGame;
				PRODUCT_NAME = "$(TARGET_NAME)";
			};
			name = Debug;
		};
		C63400E01C3CF9CC008FF185 /* Release */ = {
			isa = XCBuildConfiguration;
			buildSettings = {
				ASSETCATALOG_COMPILER_APPICON_NAME = AppIcon;
				COMBINE_HIDPI_IMAGES = YES;
				INFOPLIST_FILE = MarimoGame/Info.plist;
				LD_RUNPATH_SEARCH_PATHS = "$(inherited) @executable_path/../Frameworks";
				PRODUCT_BUNDLE_IDENTIFIER = timoffex.MarimoGame;
				PRODUCT_NAME = "$(TARGET_NAME)";
			};
			name = Release;
		};
		C63400E21C3CF9CC008FF185 /* Debug */ = {
			isa = XCBuildConfiguration;
			buildSettings = {
				BUNDLE_LOADER = "$(TEST_HOST)";
				COMBINE_HIDPI_IMAGES = YES;
				DEBUG_INFORMATION_FORMAT = dwarf;
				INFOPLIST_FILE = MarimoGameTests/Info.plist;
				LD_RUNPATH_SEARCH_PATHS = "$(inherited) @executable_path/../Frameworks @loader_path/../Frameworks";
				PRODUCT_BUNDLE_IDENTIFIER = timoffex.MarimoGameTests;
				PRODUCT_NAME = "$(TARGET_NAME)";
				TEST_HOST = "$(BUILT_PRODUCTS_DIR)/MarimoGame.app/Contents/MacOS/MarimoGame";
			};
			name = Debug;
		};
		C63400E31C3CF9CC008FF185 /* Release */ = {
			isa = XCBuildConfiguration;
			buildSettings = {
				BUNDLE_LOADER = "$(TEST_HOST)";
				COMBINE_HIDPI_IMAGES = YES;
				INFOPLIST_FILE = MarimoGameTests/Info.plist;
				LD_RUNPATH_SEARCH_PATHS = "$(inherited) @executable_path/../Frameworks @loader_path/../Frameworks";
				PRODUCT_BUNDLE_IDENTIFIER = timoffex.MarimoGameTests;
				PRODUCT_NAME = "$(TARGET_NAME)";
				TEST_HOST = "$(BUILT_PRODUCTS_DIR)/MarimoGame.app/Contents/MacOS/MarimoGame";
			};
			name = Release;
		};
		C63400E51C3CF9CC008FF185 /* Debug */ = {
			isa = XCBuildConfiguration;
			buildSettings = {
				COMBINE_HIDPI_IMAGES = YES;
				DEBUG_INFORMATION_FORMAT = dwarf;
				INFOPLIST_FILE = MarimoGameUITests/Info.plist;
				LD_RUNPATH_SEARCH_PATHS = "$(inherited) @executable_path/../Frameworks @loader_path/../Frameworks";
				PRODUCT_BUNDLE_IDENTIFIER = timoffex.MarimoGameUITests;
				PRODUCT_NAME = "$(TARGET_NAME)";
				TEST_TARGET_NAME = MarimoGame;
				USES_XCTRUNNER = YES;
			};
			name = Debug;
		};
		C63400E61C3CF9CC008FF185 /* Release */ = {
			isa = XCBuildConfiguration;
			buildSettings = {
				COMBINE_HIDPI_IMAGES = YES;
				INFOPLIST_FILE = MarimoGameUITests/Info.plist;
				LD_RUNPATH_SEARCH_PATHS = "$(inherited) @executable_path/../Frameworks @loader_path/../Frameworks";
				PRODUCT_BUNDLE_IDENTIFIER = timoffex.MarimoGameUITests;
				PRODUCT_NAME = "$(TARGET_NAME)";
				TEST_TARGET_NAME = MarimoGame;
				USES_XCTRUNNER = YES;
			};
			name = Release;
		};
/* End XCBuildConfiguration section */

/* Begin XCConfigurationList section */
		C63400B21C3CF9CB008FF185 /* Build configuration list for PBXProject "MarimoGame" */ = {
			isa = XCConfigurationList;
			buildConfigurations = (
				C63400DC1C3CF9CC008FF185 /* Debug */,
				C63400DD1C3CF9CC008FF185 /* Release */,
			);
			defaultConfigurationIsVisible = 0;
			defaultConfigurationName = Release;
		};
		C63400DE1C3CF9CC008FF185 /* Build configuration list for PBXNativeTarget "MarimoGame" */ = {
			isa = XCConfigurationList;
			buildConfigurations = (
				C63400DF1C3CF9CC008FF185 /* Debug */,
				C63400E01C3CF9CC008FF185 /* Release */,
			);
			defaultConfigurationIsVisible = 0;
			defaultConfigurationName = Release;
		};
		C63400E11C3CF9CC008FF185 /* Build configuration list for PBXNativeTarget "MarimoGameTests" */ = {
			isa = XCConfigurationList;
			buildConfigurations = (
				C63400E21C3CF9CC008FF185 /* Debug */,
				C63400E31C3CF9CC008FF185 /* Release */,
			);
			defaultConfigurationIsVisible = 0;
			defaultConfigurationName = Release;
		};
		C63400E41C3CF9CC008FF185 /* Build configuration list for PBXNativeTarget "MarimoGameUITests" */ = {
			isa = XCConfigurationList;
			buildConfigurations = (
				C63400E51C3CF9CC008FF185 /* Debug */,
				C63400E61C3CF9CC008FF185 /* Release */,
			);
			defaultConfigurationIsVisible = 0;
			defaultConfigurationName = Release;
		};
/* End XCConfigurationList section */
	};
	rootObject = C63400AF1C3CF9CB008FF185 /* Project object */;
}
